// !$*UTF8*$!
{
	archiveVersion = 1;
	classes = {
	};
	objectVersion = 56;
	objects = {

/* Begin PBXBuildFile section */
		A10001 /* App.swift in Sources */ = {isa = PBXBuildFile; fileRef = B10001 /* App.swift */; };
		A10002 /* Book.swift in Sources */ = {isa = PBXBuildFile; fileRef = B10002 /* Book.swift */; };
		A10003 /* Chapter.swift in Sources */ = {isa = PBXBuildFile; fileRef = B10003 /* Chapter.swift */; };
		A10004 /* Task.swift in Sources */ = {isa = PBXBuildFile; fileRef = B10004 /* Task.swift */; };
		A10005 /* VoicePreset.swift in Sources */ = {isa = PBXBuildFile; fileRef = B10005 /* VoicePreset.swift */; };
		A10006 /* Config.swift in Sources */ = {isa = PBXBuildFile; fileRef = B10006 /* Config.swift */; };
		A10007 /* APIClient.swift in Sources */ = {isa = PBXBuildFile; fileRef = B10007 /* APIClient.swift */; };
		A10008 /* APIEndpoints.swift in Sources */ = {isa = PBXBuildFile; fileRef = B10008 /* APIEndpoints.swift */; };
		A10009 /* AudioPlayerService.swift in Sources */ = {isa = PBXBuildFile; fileRef = B10009 /* AudioPlayerService.swift */; };
		A10010 /* TaskPollingService.swift in Sources */ = {isa = PBXBuildFile; fileRef = B10010 /* TaskPollingService.swift */; };
		A10011 /* FileUploadService.swift in Sources */ = {isa = PBXBuildFile; fileRef = B10011 /* FileUploadService.swift */; };
		A10012 /* SettingsStore.swift in Sources */ = {isa = PBXBuildFile; fileRef = B10012 /* SettingsStore.swift */; };
		A10013 /* BookListView.swift in Sources */ = {isa = PBXBuildFile; fileRef = B10013 /* BookListView.swift */; };
		A10014 /* BookDetailView.swift in Sources */ = {isa = PBXBuildFile; fileRef = B10014 /* BookDetailView.swift */; };
		A10015 /* TaskListView.swift in Sources */ = {isa = PBXBuildFile; fileRef = B10015 /* TaskListView.swift */; };
		A10016 /* VoicePresetListView.swift in Sources */ = {isa = PBXBuildFile; fileRef = B10016 /* VoicePresetListView.swift */; };
		A10017 /* VoicePresetCreateView.swift in Sources */ = {isa = PBXBuildFile; fileRef = B10017 /* VoicePresetCreateView.swift */; };
		A10018 /* VoicePresetEditView.swift in Sources */ = {isa = PBXBuildFile; fileRef = B10018 /* VoicePresetEditView.swift */; };
		A10019 /* ConfigView.swift in Sources */ = {isa = PBXBuildFile; fileRef = B10019 /* ConfigView.swift */; };
		A10020 /* AudioPlayerBar.swift in Sources */ = {isa = PBXBuildFile; fileRef = B10020 /* AudioPlayerBar.swift */; };
		A10021 /* Assets.xcassets in Resources */ = {isa = PBXBuildFile; fileRef = B10021 /* Assets.xcassets */; };
/* End PBXBuildFile section */

/* Begin PBXFileReference section */
		B10001 /* App.swift */ = {isa = PBXFileReference; lastKnownFileType = sourcecode.swift; path = App.swift; sourceTree = "<group>"; };
		B10002 /* Book.swift */ = {isa = PBXFileReference; lastKnownFileType = sourcecode.swift; path = Book.swift; sourceTree = "<group>"; };
		B10003 /* Chapter.swift */ = {isa = PBXFileReference; lastKnownFileType = sourcecode.swift; path = Chapter.swift; sourceTree = "<group>"; };
		B10004 /* Task.swift */ = {isa = PBXFileReference; lastKnownFileType = sourcecode.swift; path = Task.swift; sourceTree = "<group>"; };
		B10005 /* VoicePreset.swift */ = {isa = PBXFileReference; lastKnownFileType = sourcecode.swift; path = VoicePreset.swift; sourceTree = "<group>"; };
		B10006 /* Config.swift */ = {isa = PBXFileReference; lastKnownFileType = sourcecode.swift; path = Config.swift; sourceTree = "<group>"; };
		B10007 /* APIClient.swift */ = {isa = PBXFileReference; lastKnownFileType = sourcecode.swift; path = APIClient.swift; sourceTree = "<group>"; };
		B10008 /* APIEndpoints.swift */ = {isa = PBXFileReference; lastKnownFileType = sourcecode.swift; path = APIEndpoints.swift; sourceTree = "<group>"; };
		B10009 /* AudioPlayerService.swift */ = {isa = PBXFileReference; lastKnownFileType = sourcecode.swift; path = AudioPlayerService.swift; sourceTree = "<group>"; };
		B10010 /* TaskPollingService.swift */ = {isa = PBXFileReference; lastKnownFileType = sourcecode.swift; path = TaskPollingService.swift; sourceTree = "<group>"; };
		B10011 /* FileUploadService.swift */ = {isa = PBXFileReference; lastKnownFileType = sourcecode.swift; path = FileUploadService.swift; sourceTree = "<group>"; };
		B10012 /* SettingsStore.swift */ = {isa = PBXFileReference; lastKnownFileType = sourcecode.swift; path = SettingsStore.swift; sourceTree = "<group>"; };
		B10013 /* BookListView.swift */ = {isa = PBXFileReference; lastKnownFileType = sourcecode.swift; path = BookListView.swift; sourceTree = "<group>"; };
		B10014 /* BookDetailView.swift */ = {isa = PBXFileReference; lastKnownFileType = sourcecode.swift; path = BookDetailView.swift; sourceTree = "<group>"; };
		B10015 /* TaskListView.swift */ = {isa = PBXFileReference; lastKnownFileType = sourcecode.swift; path = TaskListView.swift; sourceTree = "<group>"; };
		B10016 /* VoicePresetListView.swift */ = {isa = PBXFileReference; lastKnownFileType = sourcecode.swift; path = VoicePresetListView.swift; sourceTree = "<group>"; };
		B10017 /* VoicePresetCreateView.swift */ = {isa = PBXFileReference; lastKnownFileType = sourcecode.swift; path = VoicePresetCreateView.swift; sourceTree = "<group>"; };
		B10018 /* VoicePresetEditView.swift */ = {isa = PBXFileReference; lastKnownFileType = sourcecode.swift; path = VoicePresetEditView.swift; sourceTree = "<group>"; };
		B10019 /* ConfigView.swift */ = {isa = PBXFileReference; lastKnownFileType = sourcecode.swift; path = ConfigView.swift; sourceTree = "<group>"; };
		B10020 /* AudioPlayerBar.swift */ = {isa = PBXFileReference; lastKnownFileType = sourcecode.swift; path = AudioPlayerBar.swift; sourceTree = "<group>"; };
		B10021 /* Assets.xcassets */ = {isa = PBXFileReference; lastKnownFileType = folder.assetcatalog; path = Assets.xcassets; sourceTree = "<group>"; };
		B10022 /* Info.plist */ = {isa = PBXFileReference; lastKnownFileType = text.plist.xml; path = Info.plist; sourceTree = "<group>"; };
		B10023 /* xReader.app */ = {isa = PBXFileReference; explicitFileType = wrapper.application; includeInIndex = 0; path = xReader.app; sourceTree = BUILT_PRODUCTS_DIR; };
/* End PBXFileReference section */

/* Begin PBXFrameworksBuildPhase section */
		C10001 /* Frameworks */ = {
			isa = PBXFrameworksBuildPhase;
			buildActionMask = 2147483647;
			files = (
			);
			runOnlyForDeploymentPostprocessing = 0;
		};
/* End PBXFrameworksBuildPhase section */

/* Begin PBXGroup section */
		D10001 = {
			isa = PBXGroup;
			children = (
				D10002 /* xReader */,
				D10010 /* Products */,
			);
			sourceTree = "<group>";
		};
		D10002 /* xReader */ = {
			isa = PBXGroup;
			children = (
				B10001 /* App.swift */,
				D10003 /* Models */,
				D10004 /* Network */,
				D10005 /* Services */,
				D10006 /* Storage */,
				D10007 /* Views */,
				B10021 /* Assets.xcassets */,
				B10022 /* Info.plist */,
			);
			path = xReader;
			sourceTree = "<group>";
		};
		D10003 /* Models */ = {
			isa = PBXGroup;
			children = (
				B10002 /* Book.swift */,
				B10003 /* Chapter.swift */,
				B10004 /* Task.swift */,
				B10005 /* VoicePreset.swift */,
				B10006 /* Config.swift */,
			);
			path = Models;
			sourceTree = "<group>";
		};
		D10004 /* Network */ = {
			isa = PBXGroup;
			children = (
				B10007 /* APIClient.swift */,
				B10008 /* APIEndpoints.swift */,
			);
			path = Network;
			sourceTree = "<group>";
		};
		D10005 /* Services */ = {
			isa = PBXGroup;
			children = (
				B10009 /* AudioPlayerService.swift */,
				B10010 /* TaskPollingService.swift */,
				B10011 /* FileUploadService.swift */,
			);
			path = Services;
			sourceTree = "<group>";
		};
		D10006 /* Storage */ = {
			isa = PBXGroup;
			children = (
				B10012 /* SettingsStore.swift */,
			);
			path = Storage;
			sourceTree = "<group>";
		};
		D10007 /* Views */ = {
			isa = PBXGroup;
			children = (
				B10013 /* BookListView.swift */,
				B10014 /* BookDetailView.swift */,
				B10015 /* TaskListView.swift */,
				B10016 /* VoicePresetListView.swift */,
				B10017 /* VoicePresetCreateView.swift */,
				B10018 /* VoicePresetEditView.swift */,
				B10019 /* ConfigView.swift */,
				D10008 /* Components */,
			);
			path = Views;
			sourceTree = "<group>";
		};
		D10008 /* Components */ = {
			isa = PBXGroup;
			children = (
				B10020 /* AudioPlayerBar.swift */,
			);
			path = Components;
			sourceTree = "<group>";
		};
		D10010 /* Products */ = {
			isa = PBXGroup;
			children = (
				B10023 /* xReader.app */,
			);
			name = Products;
			sourceTree = "<group>";
		};
/* End PBXGroup section */

/* Begin PBXNativeTarget section */
		E10001 /* xReader */ = {
			isa = PBXNativeTarget;
			buildConfigurationList = F10003 /* Build configuration list for PBXNativeTarget "xReader" */;
			buildPhases = (
				C10002 /* Sources */,
				C10001 /* Frameworks */,
				C10003 /* Resources */,
			);
			buildRules = (
			);
			dependencies = (
			);
			name = xReader;
			productName = xReader;
			productReference = B10023 /* xReader.app */;
			productType = "com.apple.product-type.application";
		};
/* End PBXNativeTarget section */

/* Begin PBXProject section */
		E10002 /* Project object */ = {
			isa = PBXProject;
			attributes = {
				BuildIndependentTargetsInParallel = 1;
				LastSwiftUpdateCheck = 1500;
				LastUpgradeCheck = 1500;
				TargetAttributes = {
					E10001 = {
						CreatedOnToolsVersion = 15.0;
					};
				};
			};
			buildConfigurationList = F10001 /* Build configuration list for PBXProject "xReader" */;
			compatibilityVersion = "Xcode 14.0";
			developmentRegion = "zh-Hans";
			hasScannedForEncodings = 0;
			knownRegions = (
				"zh-Hans",
				Base,
			);
			mainGroup = D10001;
			productRefGroup = D10010 /* Products */;
			projectDirPath = "";
			projectRoot = "";
			targets = (
				E10001 /* xReader */,
			);
		};
/* End PBXProject section */

/* Begin PBXResourcesBuildPhase section */
		C10003 /* Resources */ = {
			isa = PBXResourcesBuildPhase;
			buildActionMask = 2147483647;
			files = (
				A10021 /* Assets.xcassets in Resources */,
			);
			runOnlyForDeploymentPostprocessing = 0;
		};
/* End PBXResourcesBuildPhase section */

/* Begin PBXSourcesBuildPhase section */
		C10002 /* Sources */ = {
			isa = PBXSourcesBuildPhase;
			buildActionMask = 2147483647;
			files = (
				A10001 /* App.swift in Sources */,
				A10002 /* Book.swift in Sources */,
				A10003 /* Chapter.swift in Sources */,
				A10004 /* Task.swift in Sources */,
				A10005 /* VoicePreset.swift in Sources */,
				A10006 /* Config.swift in Sources */,
				A10007 /* APIClient.swift in Sources */,
				A10008 /* APIEndpoints.swift in Sources */,
				A10009 /* AudioPlayerService.swift in Sources */,
				A10010 /* TaskPollingService.swift in Sources */,
				A10011 /* FileUploadService.swift in Sources */,
				A10012 /* SettingsStore.swift in Sources */,
				A10013 /* BookListView.swift in Sources */,
				A10014 /* BookDetailView.swift in Sources */,
				A10015 /* TaskListView.swift in Sources */,
				A10016 /* VoicePresetListView.swift in Sources */,
				A10017 /* VoicePresetCreateView.swift in Sources */,
				A10018 /* VoicePresetEditView.swift in Sources */,
				A10019 /* ConfigView.swift in Sources */,
				A10020 /* AudioPlayerBar.swift in Sources */,
			);
			runOnlyForDeploymentPostprocessing = 0;
		};
/* End PBXSourcesBuildPhase section */

/* Begin XCBuildConfiguration section */
		F10010 /* Debug */ = {
			isa = XCBuildConfiguration;
			buildSettings = {
				ALWAYS_SEARCH_USER_PATHS = NO;
				CLANG_ANALYZER_NONNULL = YES;
				CLANG_CXX_LANGUAGE_STANDARD = "gnu++20";
				CLANG_ENABLE_MODULES = YES;
				CLANG_ENABLE_OBJC_ARC = YES;
				COPY_PHASE_STRIP = NO;
				DEBUG_INFORMATION_FORMAT = dwarf;
				ENABLE_STRICT_OBJC_MSGSEND = YES;
				ENABLE_TESTABILITY = YES;
				GCC_DYNAMIC_NO_PIC = NO;
				GCC_OPTIMIZATION_LEVEL = 0;
				GCC_WARN_ABOUT_RETURN_TYPE = YES_ERROR;
				GCC_WARN_UNINITIALIZED_AUTOS = YES_AGGRESSIVE;
				IPHONEOS_DEPLOYMENT_TARGET = 17.0;
				MTL_ENABLE_DEBUG_INFO = INCLUDE_SOURCE;
				ONLY_ACTIVE_ARCH = YES;
				SDKROOT = iphoneos;
				SWIFT_ACTIVE_COMPILATION_CONDITIONS = "$(inherited) DEBUG";
				SWIFT_OPTIMIZATION_LEVEL = "-Onone";
			};
			name = Debug;
		};
		F10011 /* Release */ = {
			isa = XCBuildConfiguration;
			buildSettings = {
				ALWAYS_SEARCH_USER_PATHS = NO;
				CLANG_ANALYZER_NONNULL = YES;
				CLANG_CXX_LANGUAGE_STANDARD = "gnu++20";
				CLANG_ENABLE_MODULES = YES;
				CLANG_ENABLE_OBJC_ARC = YES;
				COPY_PHASE_STRIP = NO;
				DEBUG_INFORMATION_FORMAT = "dwarf-with-dsym";
				ENABLE_NS_ASSERTIONS = NO;
				ENABLE_STRICT_OBJC_MSGSEND = YES;
				GCC_WARN_ABOUT_RETURN_TYPE = YES_ERROR;
				GCC_WARN_UNINITIALIZED_AUTOS = YES_AGGRESSIVE;
				IPHONEOS_DEPLOYMENT_TARGET = 17.0;
				MTL_ENABLE_DEBUG_INFO = NO;
				SDKROOT = iphoneos;
				SWIFT_COMPILATION_MODE = wholemodule;
				VALIDATE_PRODUCT = YES;
			};
			name = Release;
		};
		F10012 /* Debug */ = {
			isa = XCBuildConfiguration;
			buildSettings = {
				ASSETCATALOG_COMPILER_APPICON_NAME = AppIcon;
				ASSETCATALOG_COMPILER_GLOBAL_ACCENT_COLOR_NAME = AccentColor;
				CODE_SIGN_STYLE = Automatic;
				CURRENT_PROJECT_VERSION = 1;
				GENERATE_INFOPLIST_FILE = YES;
				INFOPLIST_FILE = xReader/Info.plist;
				INFOPLIST_KEY_CFBundleDisplayName = "x-reader";
				INFOPLIST_KEY_UIApplicationSceneManifest_Generation = YES;
				INFOPLIST_KEY_UIApplicationSupportsIndirectInputEvents = YES;
				INFOPLIST_KEY_UILaunchScreen_Generation = YES;
				INFOPLIST_KEY_UISupportedInterfaceOrientations = "UIInterfaceOrientationPortrait UIInterfaceOrientationLandscapeLeft UIInterfaceOrientationLandscapeRight";
				IPHONEOS_DEPLOYMENT_TARGET = 17.6;
				LD_RUNPATH_SEARCH_PATHS = (
					"$(inherited)",
					"@executable_path/Frameworks",
				);
				MARKETING_VERSION = 1.0;
				PRODUCT_BUNDLE_IDENTIFIER = com.xreader.app;
				PRODUCT_NAME = "$(TARGET_NAME)";
				SUPPORTED_PLATFORMS = "iphoneos iphonesimulator";
				SUPPORTS_MACCATALYST = NO;
				SUPPORTS_XR_DESIGNED_FOR_IPHONE_IPAD = NO;
				SWIFT_EMIT_LOC_STRINGS = YES;
				SWIFT_VERSION = 5.9;
				TARGETED_DEVICE_FAMILY = "1,2";
			};
			name = Debug;
		};
		F10013 /* Release */ = {
			isa = XCBuildConfiguration;
			buildSettings = {
				ASSETCATALOG_COMPILER_APPICON_NAME = AppIcon;
				ASSETCATALOG_COMPILER_GLOBAL_ACCENT_COLOR_NAME = AccentColor;
				CODE_SIGN_STYLE = Automatic;
				CURRENT_PROJECT_VERSION = 1;
				GENERATE_INFOPLIST_FILE = YES;
				INFOPLIST_FILE = xReader/Info.plist;
				INFOPLIST_KEY_CFBundleDisplayName = "x-reader";
				INFOPLIST_KEY_UIApplicationSceneManifest_Generation = YES;
				INFOPLIST_KEY_UIApplicationSupportsIndirectInputEvents = YES;
				INFOPLIST_KEY_UILaunchScreen_Generation = YES;
				INFOPLIST_KEY_UISupportedInterfaceOrientations = "UIInterfaceOrientationPortrait UIInterfaceOrientationLandscapeLeft UIInterfaceOrientationLandscapeRight";
				IPHONEOS_DEPLOYMENT_TARGET = 17.6;
				LD_RUNPATH_SEARCH_PATHS = (
					"$(inherited)",
					"@executable_path/Frameworks",
				);
				MARKETING_VERSION = 1.0;
				PRODUCT_BUNDLE_IDENTIFIER = com.xreader.app;
				PRODUCT_NAME = "$(TARGET_NAME)";
				SUPPORTED_PLATFORMS = "iphoneos iphonesimulator";
				SUPPORTS_MACCATALYST = NO;
				SUPPORTS_XR_DESIGNED_FOR_IPHONE_IPAD = NO;
				SWIFT_EMIT_LOC_STRINGS = YES;
				SWIFT_VERSION = 5.9;
				TARGETED_DEVICE_FAMILY = "1,2";
			};
			name = Release;
		};
/* End XCBuildConfiguration section */

/* Begin XCConfigurationList section */
		F10001 /* Build configuration list for PBXProject "xReader" */ = {
			isa = XCConfigurationList;
			buildConfigurations = (
				F10010 /* Debug */,
				F10011 /* Release */,
			);
			defaultConfigurationIsVisible = 0;
			defaultConfigurationName = Release;
		};
		F10003 /* Build configuration list for PBXNativeTarget "xReader" */ = {
			isa = XCConfigurationList;
			buildConfigurations = (
				F10012 /* Debug */,
				F10013 /* Release */,
			);
			defaultConfigurationIsVisible = 0;
			defaultConfigurationName = Release;
		};
/* End XCConfigurationList section */
	};
	rootObject = E10002 /* Project object */;
}
